// !$*UTF8*$!
{
	archiveVersion = 1;
	classes = {
	};
	objectVersion = 46;
	objects = {

/* Begin PBXBuildFile section */
		FC60C3A5190D910900E92F3B /* Foundation.framework in Frameworks */ = {isa = PBXBuildFile; fileRef = FC60C3A4190D910900E92F3B /* Foundation.framework */; };
		FC60C3A7190D910900E92F3B /* CoreGraphics.framework in Frameworks */ = {isa = PBXBuildFile; fileRef = FC60C3A6190D910900E92F3B /* CoreGraphics.framework */; };
		FC60C3A9190D910900E92F3B /* UIKit.framework in Frameworks */ = {isa = PBXBuildFile; fileRef = FC60C3A8190D910900E92F3B /* UIKit.framework */; };
		FC60C3AF190D910900E92F3B /* InfoPlist.strings in Resources */ = {isa = PBXBuildFile; fileRef = FC60C3AD190D910900E92F3B /* InfoPlist.strings */; };
		FC60C3B1190D910900E92F3B /* main.m in Sources */ = {isa = PBXBuildFile; fileRef = FC60C3B0190D910900E92F3B /* main.m */; };
		FC60C3B5190D910900E92F3B /* AppDelegate.m in Sources */ = {isa = PBXBuildFile; fileRef = FC60C3B4190D910900E92F3B /* AppDelegate.m */; };
		FC60C3B8190D910900E92F3B /* Main.storyboard in Resources */ = {isa = PBXBuildFile; fileRef = FC60C3B6190D910900E92F3B /* Main.storyboard */; };
		FC60C3BB190D910900E92F3B /* FirstViewController.m in Sources */ = {isa = PBXBuildFile; fileRef = FC60C3BA190D910900E92F3B /* FirstViewController.m */; };
		FC60C3BE190D910900E92F3B /* SecondViewController.m in Sources */ = {isa = PBXBuildFile; fileRef = FC60C3BD190D910900E92F3B /* SecondViewController.m */; };
		FC60C3C0190D910900E92F3B /* Images.xcassets in Resources */ = {isa = PBXBuildFile; fileRef = FC60C3BF190D910900E92F3B /* Images.xcassets */; };
		FC60C3C7190D910A00E92F3B /* XCTest.framework in Frameworks */ = {isa = PBXBuildFile; fileRef = FC60C3C6190D910A00E92F3B /* XCTest.framework */; };
		FC60C3C8190D910A00E92F3B /* Foundation.framework in Frameworks */ = {isa = PBXBuildFile; fileRef = FC60C3A4190D910900E92F3B /* Foundation.framework */; };
		FC60C3C9190D910A00E92F3B /* UIKit.framework in Frameworks */ = {isa = PBXBuildFile; fileRef = FC60C3A8190D910900E92F3B /* UIKit.framework */; };
		FC60C3D1190D910A00E92F3B /* InfoPlist.strings in Resources */ = {isa = PBXBuildFile; fileRef = FC60C3CF190D910A00E92F3B /* InfoPlist.strings */; };
		FC60C3D3190D910A00E92F3B /* Final_TestTests.m in Sources */ = {isa = PBXBuildFile; fileRef = FC60C3D2190D910A00E92F3B /* Final_TestTests.m */; };
/* End PBXBuildFile section */

/* Begin PBXContainerItemProxy section */
		FC60C3CA190D910A00E92F3B /* PBXContainerItemProxy */ = {
			isa = PBXContainerItemProxy;
			containerPortal = FC60C399190D910900E92F3B /* Project object */;
			proxyType = 1;
			remoteGlobalIDString = FC60C3A0190D910900E92F3B;
			remoteInfo = "Final Test";
		};
/* End PBXContainerItemProxy section */

/* Begin PBXFileReference section */
		FC60C3A1190D910900E92F3B /* Final Test.app */ = {isa = PBXFileReference; explicitFileType = wrapper.application; includeInIndex = 0; path = "Final Test.app"; sourceTree = BUILT_PRODUCTS_DIR; };
		FC60C3A4190D910900E92F3B /* Foundation.framework */ = {isa = PBXFileReference; lastKnownFileType = wrapper.framework; name = Foundation.framework; path = System/Library/Frameworks/Foundation.framework; sourceTree = SDKROOT; };
		FC60C3A6190D910900E92F3B /* CoreGraphics.framework */ = {isa = PBXFileReference; lastKnownFileType = wrapper.framework; name = CoreGraphics.framework; path = System/Library/Frameworks/CoreGraphics.framework; sourceTree = SDKROOT; };
		FC60C3A8190D910900E92F3B /* UIKit.framework */ = {isa = PBXFileReference; lastKnownFileType = wrapper.framework; name = UIKit.framework; path = System/Library/Frameworks/UIKit.framework; sourceTree = SDKROOT; };
		FC60C3AC190D910900E92F3B /* Final Test-Info.plist */ = {isa = PBXFileReference; lastKnownFileType = text.plist.xml; path = "Final Test-Info.plist"; sourceTree = "<group>"; };
		FC60C3AE190D910900E92F3B /* en */ = {isa = PBXFileReference; lastKnownFileType = text.plist.strings; name = en; path = en.lproj/InfoPlist.strings; sourceTree = "<group>"; };
		FC60C3B0190D910900E92F3B /* main.m */ = {isa = PBXFileReference; lastKnownFileType = sourcecode.c.objc; path = main.m; sourceTree = "<group>"; };
		FC60C3B2190D910900E92F3B /* Final Test-Prefix.pch */ = {isa = PBXFileReference; lastKnownFileType = sourcecode.c.h; path = "Final Test-Prefix.pch"; sourceTree = "<group>"; };
		FC60C3B3190D910900E92F3B /* AppDelegate.h */ = {isa = PBXFileReference; lastKnownFileType = sourcecode.c.h; path = AppDelegate.h; sourceTree = "<group>"; };
		FC60C3B4190D910900E92F3B /* AppDelegate.m */ = {isa = PBXFileReference; lastKnownFileType = sourcecode.c.objc; path = AppDelegate.m; sourceTree = "<group>"; };
		FC60C3B7190D910900E92F3B /* Base */ = {isa = PBXFileReference; lastKnownFileType = file.storyboard; name = Base; path = Base.lproj/Main.storyboard; sourceTree = "<group>"; };
		FC60C3B9190D910900E92F3B /* FirstViewController.h */ = {isa = PBXFileReference; lastKnownFileType = sourcecode.c.h; path = FirstViewController.h; sourceTree = "<group>"; };
		FC60C3BA190D910900E92F3B /* FirstViewController.m */ = {isa = PBXFileReference; lastKnownFileType = sourcecode.c.objc; path = FirstViewController.m; sourceTree = "<group>"; };
		FC60C3BC190D910900E92F3B /* SecondViewController.h */ = {isa = PBXFileReference; lastKnownFileType = sourcecode.c.h; path = SecondViewController.h; sourceTree = "<group>"; };
		FC60C3BD190D910900E92F3B /* SecondViewController.m */ = {isa = PBXFileReference; lastKnownFileType = sourcecode.c.objc; path = SecondViewController.m; sourceTree = "<group>"; };
		FC60C3BF190D910900E92F3B /* Images.xcassets */ = {isa = PBXFileReference; lastKnownFileType = folder.assetcatalog; path = Images.xcassets; sourceTree = "<group>"; };
		FC60C3C5190D910A00E92F3B /* Final TestTests.xctest */ = {isa = PBXFileReference; explicitFileType = wrapper.cfbundle; includeInIndex = 0; path = "Final TestTests.xctest"; sourceTree = BUILT_PRODUCTS_DIR; };
		FC60C3C6190D910A00E92F3B /* XCTest.framework */ = {isa = PBXFileReference; lastKnownFileType = wrapper.framework; name = XCTest.framework; path = Library/Frameworks/XCTest.framework; sourceTree = DEVELOPER_DIR; };
		FC60C3CE190D910A00E92F3B /* Final TestTests-Info.plist */ = {isa = PBXFileReference; lastKnownFileType = text.plist.xml; path = "Final TestTests-Info.plist"; sourceTree = "<group>"; };
		FC60C3D0190D910A00E92F3B /* en */ = {isa = PBXFileReference; lastKnownFileType = text.plist.strings; name = en; path = en.lproj/InfoPlist.strings; sourceTree = "<group>"; };
		FC60C3D2190D910A00E92F3B /* Final_TestTests.m */ = {isa = PBXFileReference; lastKnownFileType = sourcecode.c.objc; path = Final_TestTests.m; sourceTree = "<group>"; };
/* End PBXFileReference section */

/* Begin PBXFrameworksBuildPhase section */
		FC60C39E190D910900E92F3B /* Frameworks */ = {
			isa = PBXFrameworksBuildPhase;
			buildActionMask = 2147483647;
			files = (
				FC60C3A7190D910900E92F3B /* CoreGraphics.framework in Frameworks */,
				FC60C3A9190D910900E92F3B /* UIKit.framework in Frameworks */,
				FC60C3A5190D910900E92F3B /* Foundation.framework in Frameworks */,
			);
			runOnlyForDeploymentPostprocessing = 0;
		};
		FC60C3C2190D910A00E92F3B /* Frameworks */ = {
			isa = PBXFrameworksBuildPhase;
			buildActionMask = 2147483647;
			files = (
				FC60C3C7190D910A00E92F3B /* XCTest.framework in Frameworks */,
				FC60C3C9190D910A00E92F3B /* UIKit.framework in Frameworks */,
				FC60C3C8190D910A00E92F3B /* Foundation.framework in Frameworks */,
			);
			runOnlyForDeploymentPostprocessing = 0;
		};
/* End PBXFrameworksBuildPhase section */

/* Begin PBXGroup section */
		FC60C398190D910900E92F3B = {
			isa = PBXGroup;
			children = (
				FC60C3AA190D910900E92F3B /* Final Test */,
				FC60C3CC190D910A00E92F3B /* Final TestTests */,
				FC60C3A3190D910900E92F3B /* Frameworks */,
				FC60C3A2190D910900E92F3B /* Products */,
			);
			sourceTree = "<group>";
		};
		FC60C3A2190D910900E92F3B /* Products */ = {
			isa = PBXGroup;
			children = (
				FC60C3A1190D910900E92F3B /* Final Test.app */,
				FC60C3C5190D910A00E92F3B /* Final TestTests.xctest */,
			);
			name = Products;
			sourceTree = "<group>";
		};
		FC60C3A3190D910900E92F3B /* Frameworks */ = {
			isa = PBXGroup;
			children = (
				FC60C3A4190D910900E92F3B /* Foundation.framework */,
				FC60C3A6190D910900E92F3B /* CoreGraphics.framework */,
				FC60C3A8190D910900E92F3B /* UIKit.framework */,
				FC60C3C6190D910A00E92F3B /* XCTest.framework */,
			);
			name = Frameworks;
			sourceTree = "<group>";
		};
		FC60C3AA190D910900E92F3B /* Final Test */ = {
			isa = PBXGroup;
			children = (
				FC60C3B3190D910900E92F3B /* AppDelegate.h */,
				FC60C3B4190D910900E92F3B /* AppDelegate.m */,
				FC60C3B6190D910900E92F3B /* Main.storyboard */,
				FC60C3B9190D910900E92F3B /* FirstViewController.h */,
				FC60C3BA190D910900E92F3B /* FirstViewController.m */,
				FC60C3BC190D910900E92F3B /* SecondViewController.h */,
				FC60C3BD190D910900E92F3B /* SecondViewController.m */,
				FC60C3BF190D910900E92F3B /* Images.xcassets */,
				FC60C3AB190D910900E92F3B /* Supporting Files */,
			);
			path = "Final Test";
			sourceTree = "<group>";
		};
		FC60C3AB190D910900E92F3B /* Supporting Files */ = {
			isa = PBXGroup;
			children = (
				FC60C3AC190D910900E92F3B /* Final Test-Info.plist */,
				FC60C3AD190D910900E92F3B /* InfoPlist.strings */,
				FC60C3B0190D910900E92F3B /* main.m */,
				FC60C3B2190D910900E92F3B /* Final Test-Prefix.pch */,
			);
			name = "Supporting Files";
			sourceTree = "<group>";
		};
		FC60C3CC190D910A00E92F3B /* Final TestTests */ = {
			isa = PBXGroup;
			children = (
				FC60C3D2190D910A00E92F3B /* Final_TestTests.m */,
				FC60C3CD190D910A00E92F3B /* Supporting Files */,
			);
			path = "Final TestTests";
			sourceTree = "<group>";
		};
		FC60C3CD190D910A00E92F3B /* Supporting Files */ = {
			isa = PBXGroup;
			children = (
				FC60C3CE190D910A00E92F3B /* Final TestTests-Info.plist */,
				FC60C3CF190D910A00E92F3B /* InfoPlist.strings */,
			);
			name = "Supporting Files";
			sourceTree = "<group>";
		};
/* End PBXGroup section */

/* Begin PBXNativeTarget section */
		FC60C3A0190D910900E92F3B /* Final Test */ = {
			isa = PBXNativeTarget;
			buildConfigurationList = FC60C3D6190D910A00E92F3B /* Build configuration list for PBXNativeTarget "Final Test" */;
			buildPhases = (
				FC60C39D190D910900E92F3B /* Sources */,
				FC60C39E190D910900E92F3B /* Frameworks */,
				FC60C39F190D910900E92F3B /* Resources */,
			);
			buildRules = (
			);
			dependencies = (
			);
			name = "Final Test";
			productName = "Final Test";
			productReference = FC60C3A1190D910900E92F3B /* Final Test.app */;
			productType = "com.apple.product-type.application";
		};
		FC60C3C4190D910A00E92F3B /* Final TestTests */ = {
			isa = PBXNativeTarget;
			buildConfigurationList = FC60C3D9190D910A00E92F3B /* Build configuration list for PBXNativeTarget "Final TestTests" */;
			buildPhases = (
				FC60C3C1190D910A00E92F3B /* Sources */,
				FC60C3C2190D910A00E92F3B /* Frameworks */,
				FC60C3C3190D910A00E92F3B /* Resources */,
			);
			buildRules = (
			);
			dependencies = (
				FC60C3CB190D910A00E92F3B /* PBXTargetDependency */,
			);
			name = "Final TestTests";
			productName = "Final TestTests";
			productReference = FC60C3C5190D910A00E92F3B /* Final TestTests.xctest */;
			productType = "com.apple.product-type.bundle.unit-test";
		};
/* End PBXNativeTarget section */

/* Begin PBXProject section */
		FC60C399190D910900E92F3B /* Project object */ = {
			isa = PBXProject;
			attributes = {
				LastUpgradeCheck = 0500;
				ORGANIZATIONNAME = "Jon Diehl";
				TargetAttributes = {
					FC60C3C4190D910A00E92F3B = {
						TestTargetID = FC60C3A0190D910900E92F3B;
					};
				};
			};
			buildConfigurationList = FC60C39C190D910900E92F3B /* Build configuration list for PBXProject "Final Test" */;
			compatibilityVersion = "Xcode 3.2";
			developmentRegion = English;
			hasScannedForEncodings = 0;
			knownRegions = (
				en,
				Base,
			);
			mainGroup = FC60C398190D910900E92F3B;
			productRefGroup = FC60C3A2190D910900E92F3B /* Products */;
			projectDirPath = "";
			projectRoot = "";
			targets = (
				FC60C3A0190D910900E92F3B /* Final Test */,
				FC60C3C4190D910A00E92F3B /* Final TestTests */,
			);
		};
/* End PBXProject section */

/* Begin PBXResourcesBuildPhase section */
		FC60C39F190D910900E92F3B /* Resources */ = {
			isa = PBXResourcesBuildPhase;
			buildActionMask = 2147483647;
			files = (
				FC60C3C0190D910900E92F3B /* Images.xcassets in Resources */,
				FC60C3AF190D910900E92F3B /* InfoPlist.strings in Resources */,
				FC60C3B8190D910900E92F3B /* Main.storyboard in Resources */,
			);
			runOnlyForDeploymentPostprocessing = 0;
		};
		FC60C3C3190D910A00E92F3B /* Resources */ = {
			isa = PBXResourcesBuildPhase;
			buildActionMask = 2147483647;
			files = (
				FC60C3D1190D910A00E92F3B /* InfoPlist.strings in Resources */,
			);
			runOnlyForDeploymentPostprocessing = 0;
		};
/* End PBXResourcesBuildPhase section */

/* Begin PBXSourcesBuildPhase section */
		FC60C39D190D910900E92F3B /* Sources */ = {
			isa = PBXSourcesBuildPhase;
			buildActionMask = 2147483647;
			files = (
				FC60C3BE190D910900E92F3B /* SecondViewController.m in Sources */,
				FC60C3B5190D910900E92F3B /* AppDelegate.m in Sources */,
				FC60C3BB190D910900E92F3B /* FirstViewController.m in Sources */,
				FC60C3B1190D910900E92F3B /* main.m in Sources */,
			);
			runOnlyForDeploymentPostprocessing = 0;
		};
		FC60C3C1190D910A00E92F3B /* Sources */ = {
			isa = PBXSourcesBuildPhase;
			buildActionMask = 2147483647;
			files = (
				FC60C3D3190D910A00E92F3B /* Final_TestTests.m in Sources */,
			);
			runOnlyForDeploymentPostprocessing = 0;
		};
/* End PBXSourcesBuildPhase section */

/* Begin PBXTargetDependency section */
		FC60C3CB190D910A00E92F3B /* PBXTargetDependency */ = {
			isa = PBXTargetDependency;
			target = FC60C3A0190D910900E92F3B /* Final Test */;
			targetProxy = FC60C3CA190D910A00E92F3B /* PBXContainerItemProxy */;
		};
/* End PBXTargetDependency section */

/* Begin PBXVariantGroup section */
		FC60C3AD190D910900E92F3B /* InfoPlist.strings */ = {
			isa = PBXVariantGroup;
			children = (
				FC60C3AE190D910900E92F3B /* en */,
			);
			name = InfoPlist.strings;
			sourceTree = "<group>";
		};
		FC60C3B6190D910900E92F3B /* Main.storyboard */ = {
			isa = PBXVariantGroup;
			children = (
				FC60C3B7190D910900E92F3B /* Base */,
			);
			name = Main.storyboard;
			sourceTree = "<group>";
		};
		FC60C3CF190D910A00E92F3B /* InfoPlist.strings */ = {
			isa = PBXVariantGroup;
			children = (
				FC60C3D0190D910A00E92F3B /* en */,
			);
			name = InfoPlist.strings;
			sourceTree = "<group>";
		};
/* End PBXVariantGroup section */

/* Begin XCBuildConfiguration section */
		FC60C3D4190D910A00E92F3B /* Debug */ = {
			isa = XCBuildConfiguration;
			buildSettings = {
				ALWAYS_SEARCH_USER_PATHS = NO;
				ARCHS = "$(ARCHS_STANDARD_INCLUDING_64_BIT)";
				CLANG_CXX_LANGUAGE_STANDARD = "gnu++0x";
				CLANG_CXX_LIBRARY = "libc++";
				CLANG_ENABLE_MODULES = YES;
				CLANG_ENABLE_OBJC_ARC = YES;
				CLANG_WARN_BOOL_CONVERSION = YES;
				CLANG_WARN_CONSTANT_CONVERSION = YES;
				CLANG_WARN_DIRECT_OBJC_ISA_USAGE = YES_ERROR;
				CLANG_WARN_EMPTY_BODY = YES;
				CLANG_WARN_ENUM_CONVERSION = YES;
				CLANG_WARN_INT_CONVERSION = YES;
				CLANG_WARN_OBJC_ROOT_CLASS = YES_ERROR;
				CLANG_WARN__DUPLICATE_METHOD_MATCH = YES;
				"CODE_SIGN_IDENTITY[sdk=iphoneos*]" = "iPhone Developer";
				COPY_PHASE_STRIP = NO;
				GCC_C_LANGUAGE_STANDARD = gnu99;
				GCC_DYNAMIC_NO_PIC = NO;
				GCC_OPTIMIZATION_LEVEL = 0;
				GCC_PREPROCESSOR_DEFINITIONS = (
					"DEBUG=1",
					"$(inherited)",
				);
				GCC_SYMBOLS_PRIVATE_EXTERN = NO;
				GCC_WARN_64_TO_32_BIT_CONVERSION = YES;
				GCC_WARN_ABOUT_RETURN_TYPE = YES_ERROR;
				GCC_WARN_UNDECLARED_SELECTOR = YES;
				GCC_WARN_UNINITIALIZED_AUTOS = YES;
				GCC_WARN_UNUSED_FUNCTION = YES;
				GCC_WARN_UNUSED_VARIABLE = YES;
				IPHONEOS_DEPLOYMENT_TARGET = 7.0;
				ONLY_ACTIVE_ARCH = YES;
				SDKROOT = iphoneos;
			};
			name = Debug;
		};
		FC60C3D5190D910A00E92F3B /* Release */ = {
			isa = XCBuildConfiguration;
			buildSettings = {
				ALWAYS_SEARCH_USER_PATHS = NO;
				ARCHS = "$(ARCHS_STANDARD_INCLUDING_64_BIT)";
				CLANG_CXX_LANGUAGE_STANDARD = "gnu++0x";
				CLANG_CXX_LIBRARY = "libc++";
				CLANG_ENABLE_MODULES = YES;
				CLANG_ENABLE_OBJC_ARC = YES;
				CLANG_WARN_BOOL_CONVERSION = YES;
				CLANG_WARN_CONSTANT_CONVERSION = YES;
				CLANG_WARN_DIRECT_OBJC_ISA_USAGE = YES_ERROR;
				CLANG_WARN_EMPTY_BODY = YES;
				CLANG_WARN_ENUM_CONVERSION = YES;
				CLANG_WARN_INT_CONVERSION = YES;
				CLANG_WARN_OBJC_ROOT_CLASS = YES_ERROR;
				CLANG_WARN__DUPLICATE_METHOD_MATCH = YES;
				"CODE_SIGN_IDENTITY[sdk=iphoneos*]" = "iPhone Developer";
				COPY_PHASE_STRIP = YES;
				ENABLE_NS_ASSERTIONS = NO;
				GCC_C_LANGUAGE_STANDARD = gnu99;
				GCC_WARN_64_TO_32_BIT_CONVERSION = YES;
				GCC_WARN_ABOUT_RETURN_TYPE = YES_ERROR;
				GCC_WARN_UNDECLARED_SELECTOR = YES;
				GCC_WARN_UNINITIALIZED_AUTOS = YES;
				GCC_WARN_UNUSED_FUNCTION = YES;
				GCC_WARN_UNUSED_VARIABLE = YES;
				IPHONEOS_DEPLOYMENT_TARGET = 7.0;
				SDKROOT = iphoneos;
				VALIDATE_PRODUCT = YES;
			};
			name = Release;
		};
		FC60C3D7190D910A00E92F3B /* Debug */ = {
			isa = XCBuildConfiguration;
			buildSettings = {
				ASSETCATALOG_COMPILER_APPICON_NAME = AppIcon;
				ASSETCATALOG_COMPILER_LAUNCHIMAGE_NAME = LaunchImage;
				GCC_PRECOMPILE_PREFIX_HEADER = YES;
				GCC_PREFIX_HEADER = "Final Test/Final Test-Prefix.pch";
				INFOPLIST_FILE = "Final Test/Final Test-Info.plist";
				PRODUCT_NAME = "$(TARGET_NAME)";
				WRAPPER_EXTENSION = app;
			};
			name = Debug;
		};
		FC60C3D8190D910A00E92F3B /* Release */ = {
			isa = XCBuildConfiguration;
			buildSettings = {
				ASSETCATALOG_COMPILER_APPICON_NAME = AppIcon;
				ASSETCATALOG_COMPILER_LAUNCHIMAGE_NAME = LaunchImage;
				GCC_PRECOMPILE_PREFIX_HEADER = YES;
				GCC_PREFIX_HEADER = "Final Test/Final Test-Prefix.pch";
				INFOPLIST_FILE = "Final Test/Final Test-Info.plist";
				PRODUCT_NAME = "$(TARGET_NAME)";
				WRAPPER_EXTENSION = app;
			};
			name = Release;
		};
		FC60C3DA190D910A00E92F3B /* Debug */ = {
			isa = XCBuildConfiguration;
			buildSettings = {
				ARCHS = "$(ARCHS_STANDARD_INCLUDING_64_BIT)";
				BUNDLE_LOADER = "$(BUILT_PRODUCTS_DIR)/Final Test.app/Final Test";
				FRAMEWORK_SEARCH_PATHS = (
					"$(SDKROOT)/Developer/Library/Frameworks",
					"$(inherited)",
					"$(DEVELOPER_FRAMEWORKS_DIR)",
				);
				GCC_PRECOMPILE_PREFIX_HEADER = YES;
				GCC_PREFIX_HEADER = "Final Test/Final Test-Prefix.pch";
				GCC_PREPROCESSOR_DEFINITIONS = (
					"DEBUG=1",
					"$(inherited)",
				);
				INFOPLIST_FILE = "Final TestTests/Final TestTests-Info.plist";
				PRODUCT_NAME = "$(TARGET_NAME)";
				TEST_HOST = "$(BUNDLE_LOADER)";
				WRAPPER_EXTENSION = xctest;
			};
			name = Debug;
		};
		FC60C3DB190D910A00E92F3B /* Release */ = {
			isa = XCBuildConfiguration;
			buildSettings = {
				ARCHS = "$(ARCHS_STANDARD_INCLUDING_64_BIT)";
				BUNDLE_LOADER = "$(BUILT_PRODUCTS_DIR)/Final Test.app/Final Test";
				FRAMEWORK_SEARCH_PATHS = (
					"$(SDKROOT)/Developer/Library/Frameworks",
					"$(inherited)",
					"$(DEVELOPER_FRAMEWORKS_DIR)",
				);
				GCC_PRECOMPILE_PREFIX_HEADER = YES;
				GCC_PREFIX_HEADER = "Final Test/Final Test-Prefix.pch";
				INFOPLIST_FILE = "Final TestTests/Final TestTests-Info.plist";
				PRODUCT_NAME = "$(TARGET_NAME)";
				TEST_HOST = "$(BUNDLE_LOADER)";
				WRAPPER_EXTENSION = xctest;
			};
			name = Release;
		};
/* End XCBuildConfiguration section */

/* Begin XCConfigurationList section */
		FC60C39C190D910900E92F3B /* Build configuration list for PBXProject "Final Test" */ = {
			isa = XCConfigurationList;
			buildConfigurations = (
				FC60C3D4190D910A00E92F3B /* Debug */,
				FC60C3D5190D910A00E92F3B /* Release */,
			);
			defaultConfigurationIsVisible = 0;
			defaultConfigurationName = Release;
		};
		FC60C3D6190D910A00E92F3B /* Build configuration list for PBXNativeTarget "Final Test" */ = {
			isa = XCConfigurationList;
			buildConfigurations = (
				FC60C3D7190D910A00E92F3B /* Debug */,
				FC60C3D8190D910A00E92F3B /* Release */,
			);
			defaultConfigurationIsVisible = 0;
		};
		FC60C3D9190D910A00E92F3B /* Build configuration list for PBXNativeTarget "Final TestTests" */ = {
			isa = XCConfigurationList;
			buildConfigurations = (
				FC60C3DA190D910A00E92F3B /* Debug */,
				FC60C3DB190D910A00E92F3B /* Release */,
			);
			defaultConfigurationIsVisible = 0;
		};
/* End XCConfigurationList section */
	};
	rootObject = FC60C399190D910900E92F3B /* Project object */;
}
